// !$*UTF8*$!
{
	archiveVersion = 1;
	classes = {
	};
	objectVersion = 46;
	objects = {

/* Begin PBXBuildFile section */
		7F2269A91E5B274000C825C2 /* main.m in Sources */ = {isa = PBXBuildFile; fileRef = 7F2269A81E5B274000C825C2 /* main.m */; };
		7F2269AC1E5B274000C825C2 /* AppDelegate.m in Sources */ = {isa = PBXBuildFile; fileRef = 7F2269AB1E5B274000C825C2 /* AppDelegate.m */; };
		7F2269AF1E5B274000C825C2 /* ViewController.m in Sources */ = {isa = PBXBuildFile; fileRef = 7F2269AE1E5B274000C825C2 /* ViewController.m */; };
		7F2269B21E5B274000C825C2 /* Main.storyboard in Resources */ = {isa = PBXBuildFile; fileRef = 7F2269B01E5B274000C825C2 /* Main.storyboard */; };
		7F2269B51E5B274000C825C2 /* faceRecognize.xcdatamodeld in Sources */ = {isa = PBXBuildFile; fileRef = 7F2269B31E5B274000C825C2 /* faceRecognize.xcdatamodeld */; };
		7F2269B71E5B274000C825C2 /* Assets.xcassets in Resources */ = {isa = PBXBuildFile; fileRef = 7F2269B61E5B274000C825C2 /* Assets.xcassets */; };
		7F2269BA1E5B274000C825C2 /* LaunchScreen.storyboard in Resources */ = {isa = PBXBuildFile; fileRef = 7F2269B81E5B274000C825C2 /* LaunchScreen.storyboard */; };
		7F2269C51E5B274000C825C2 /* faceRecognizeTests.m in Sources */ = {isa = PBXBuildFile; fileRef = 7F2269C41E5B274000C825C2 /* faceRecognizeTests.m */; };
		7F2269D01E5B274000C825C2 /* faceRecognizeUITests.m in Sources */ = {isa = PBXBuildFile; fileRef = 7F2269CF1E5B274000C825C2 /* faceRecognizeUITests.m */; };
/* End PBXBuildFile section */

/* Begin PBXContainerItemProxy section */
		7F2269C11E5B274000C825C2 /* PBXContainerItemProxy */ = {
			isa = PBXContainerItemProxy;
			containerPortal = 7F22699C1E5B274000C825C2 /* Project object */;
			proxyType = 1;
			remoteGlobalIDString = 7F2269A31E5B274000C825C2;
			remoteInfo = faceRecognize;
		};
		7F2269CC1E5B274000C825C2 /* PBXContainerItemProxy */ = {
			isa = PBXContainerItemProxy;
			containerPortal = 7F22699C1E5B274000C825C2 /* Project object */;
			proxyType = 1;
			remoteGlobalIDString = 7F2269A31E5B274000C825C2;
			remoteInfo = faceRecognize;
		};
/* End PBXContainerItemProxy section */

/* Begin PBXFileReference section */
		7F2269A41E5B274000C825C2 /* faceRecognize.app */ = {isa = PBXFileReference; explicitFileType = wrapper.application; includeInIndex = 0; path = faceRecognize.app; sourceTree = BUILT_PRODUCTS_DIR; };
		7F2269A81E5B274000C825C2 /* main.m */ = {isa = PBXFileReference; lastKnownFileType = sourcecode.c.objc; path = main.m; sourceTree = "<group>"; };
		7F2269AA1E5B274000C825C2 /* AppDelegate.h */ = {isa = PBXFileReference; lastKnownFileType = sourcecode.c.h; path = AppDelegate.h; sourceTree = "<group>"; };
		7F2269AB1E5B274000C825C2 /* AppDelegate.m */ = {isa = PBXFileReference; lastKnownFileType = sourcecode.c.objc; path = AppDelegate.m; sourceTree = "<group>"; };
		7F2269AD1E5B274000C825C2 /* ViewController.h */ = {isa = PBXFileReference; lastKnownFileType = sourcecode.c.h; path = ViewController.h; sourceTree = "<group>"; };
		7F2269AE1E5B274000C825C2 /* ViewController.m */ = {isa = PBXFileReference; lastKnownFileType = sourcecode.c.objc; path = ViewController.m; sourceTree = "<group>"; };
		7F2269B11E5B274000C825C2 /* Base */ = {isa = PBXFileReference; lastKnownFileType = file.storyboard; name = Base; path = Base.lproj/Main.storyboard; sourceTree = "<group>"; };
		7F2269B41E5B274000C825C2 /* faceRecognize.xcdatamodel */ = {isa = PBXFileReference; lastKnownFileType = wrapper.xcdatamodel; path = faceRecognize.xcdatamodel; sourceTree = "<group>"; };
		7F2269B61E5B274000C825C2 /* Assets.xcassets */ = {isa = PBXFileReference; lastKnownFileType = folder.assetcatalog; path = Assets.xcassets; sourceTree = "<group>"; };
		7F2269B91E5B274000C825C2 /* Base */ = {isa = PBXFileReference; lastKnownFileType = file.storyboard; name = Base; path = Base.lproj/LaunchScreen.storyboard; sourceTree = "<group>"; };
		7F2269BB1E5B274000C825C2 /* Info.plist */ = {isa = PBXFileReference; lastKnownFileType = text.plist.xml; path = Info.plist; sourceTree = "<group>"; };
		7F2269C01E5B274000C825C2 /* faceRecognizeTests.xctest */ = {isa = PBXFileReference; explicitFileType = wrapper.cfbundle; includeInIndex = 0; path = faceRecognizeTests.xctest; sourceTree = BUILT_PRODUCTS_DIR; };
		7F2269C41E5B274000C825C2 /* faceRecognizeTests.m */ = {isa = PBXFileReference; lastKnownFileType = sourcecode.c.objc; path = faceRecognizeTests.m; sourceTree = "<group>"; };
		7F2269C61E5B274000C825C2 /* Info.plist */ = {isa = PBXFileReference; lastKnownFileType = text.plist.xml; path = Info.plist; sourceTree = "<group>"; };
		7F2269CB1E5B274000C825C2 /* faceRecognizeUITests.xctest */ = {isa = PBXFileReference; explicitFileType = wrapper.cfbundle; includeInIndex = 0; path = faceRecognizeUITests.xctest; sourceTree = BUILT_PRODUCTS_DIR; };
		7F2269CF1E5B274000C825C2 /* faceRecognizeUITests.m */ = {isa = PBXFileReference; lastKnownFileType = sourcecode.c.objc; path = faceRecognizeUITests.m; sourceTree = "<group>"; };
		7F2269D11E5B274000C825C2 /* Info.plist */ = {isa = PBXFileReference; lastKnownFileType = text.plist.xml; path = Info.plist; sourceTree = "<group>"; };
/* End PBXFileReference section */

/* Begin PBXFrameworksBuildPhase section */
		7F2269A11E5B274000C825C2 /* Frameworks */ = {
			isa = PBXFrameworksBuildPhase;
			buildActionMask = 2147483647;
			files = (
			);
			runOnlyForDeploymentPostprocessing = 0;
		};
		7F2269BD1E5B274000C825C2 /* Frameworks */ = {
			isa = PBXFrameworksBuildPhase;
			buildActionMask = 2147483647;
			files = (
			);
			runOnlyForDeploymentPostprocessing = 0;
		};
		7F2269C81E5B274000C825C2 /* Frameworks */ = {
			isa = PBXFrameworksBuildPhase;
			buildActionMask = 2147483647;
			files = (
			);
			runOnlyForDeploymentPostprocessing = 0;
		};
/* End PBXFrameworksBuildPhase section */

/* Begin PBXGroup section */
		7F22699B1E5B274000C825C2 = {
			isa = PBXGroup;
			children = (
				7F2269A61E5B274000C825C2 /* faceRecognize */,
				7F2269C31E5B274000C825C2 /* faceRecognizeTests */,
				7F2269CE1E5B274000C825C2 /* faceRecognizeUITests */,
				7F2269A51E5B274000C825C2 /* Products */,
			);
			sourceTree = "<group>";
		};
		7F2269A51E5B274000C825C2 /* Products */ = {
			isa = PBXGroup;
			children = (
				7F2269A41E5B274000C825C2 /* faceRecognize.app */,
				7F2269C01E5B274000C825C2 /* faceRecognizeTests.xctest */,
				7F2269CB1E5B274000C825C2 /* faceRecognizeUITests.xctest */,
			);
			name = Products;
			sourceTree = "<group>";
		};
		7F2269A61E5B274000C825C2 /* faceRecognize */ = {
			isa = PBXGroup;
			children = (
				7F2269AA1E5B274000C825C2 /* AppDelegate.h */,
				7F2269AB1E5B274000C825C2 /* AppDelegate.m */,
				7F2269AD1E5B274000C825C2 /* ViewController.h */,
				7F2269AE1E5B274000C825C2 /* ViewController.m */,
				7F2269B01E5B274000C825C2 /* Main.storyboard */,
				7F2269B61E5B274000C825C2 /* Assets.xcassets */,
				7F2269B81E5B274000C825C2 /* LaunchScreen.storyboard */,
				7F2269BB1E5B274000C825C2 /* Info.plist */,
				7F2269B31E5B274000C825C2 /* faceRecognize.xcdatamodeld */,
				7F2269A71E5B274000C825C2 /* Supporting Files */,
			);
			path = faceRecognize;
			sourceTree = "<group>";
		};
		7F2269A71E5B274000C825C2 /* Supporting Files */ = {
			isa = PBXGroup;
			children = (
				7F2269A81E5B274000C825C2 /* main.m */,
			);
			name = "Supporting Files";
			sourceTree = "<group>";
		};
		7F2269C31E5B274000C825C2 /* faceRecognizeTests */ = {
			isa = PBXGroup;
			children = (
				7F2269C41E5B274000C825C2 /* faceRecognizeTests.m */,
				7F2269C61E5B274000C825C2 /* Info.plist */,
			);
			path = faceRecognizeTests;
			sourceTree = "<group>";
		};
		7F2269CE1E5B274000C825C2 /* faceRecognizeUITests */ = {
			isa = PBXGroup;
			children = (
				7F2269CF1E5B274000C825C2 /* faceRecognizeUITests.m */,
				7F2269D11E5B274000C825C2 /* Info.plist */,
			);
			path = faceRecognizeUITests;
			sourceTree = "<group>";
		};
/* End PBXGroup section */

/* Begin PBXNativeTarget section */
		7F2269A31E5B274000C825C2 /* faceRecognize */ = {
			isa = PBXNativeTarget;
			buildConfigurationList = 7F2269D41E5B274000C825C2 /* Build configuration list for PBXNativeTarget "faceRecognize" */;
			buildPhases = (
				7F2269A01E5B274000C825C2 /* Sources */,
				7F2269A11E5B274000C825C2 /* Frameworks */,
				7F2269A21E5B274000C825C2 /* Resources */,
			);
			buildRules = (
			);
			dependencies = (
			);
			name = faceRecognize;
			productName = faceRecognize;
			productReference = 7F2269A41E5B274000C825C2 /* faceRecognize.app */;
			productType = "com.apple.product-type.application";
		};
		7F2269BF1E5B274000C825C2 /* faceRecognizeTests */ = {
			isa = PBXNativeTarget;
			buildConfigurationList = 7F2269D71E5B274000C825C2 /* Build configuration list for PBXNativeTarget "faceRecognizeTests" */;
			buildPhases = (
				7F2269BC1E5B274000C825C2 /* Sources */,
				7F2269BD1E5B274000C825C2 /* Frameworks */,
				7F2269BE1E5B274000C825C2 /* Resources */,
			);
			buildRules = (
			);
			dependencies = (
				7F2269C21E5B274000C825C2 /* PBXTargetDependency */,
			);
			name = faceRecognizeTests;
			productName = faceRecognizeTests;
			productReference = 7F2269C01E5B274000C825C2 /* faceRecognizeTests.xctest */;
			productType = "com.apple.product-type.bundle.unit-test";
		};
		7F2269CA1E5B274000C825C2 /* faceRecognizeUITests */ = {
			isa = PBXNativeTarget;
			buildConfigurationList = 7F2269DA1E5B274000C825C2 /* Build configuration list for PBXNativeTarget "faceRecognizeUITests" */;
			buildPhases = (
				7F2269C71E5B274000C825C2 /* Sources */,
				7F2269C81E5B274000C825C2 /* Frameworks */,
				7F2269C91E5B274000C825C2 /* Resources */,
			);
			buildRules = (
			);
			dependencies = (
				7F2269CD1E5B274000C825C2 /* PBXTargetDependency */,
			);
			name = faceRecognizeUITests;
			productName = faceRecognizeUITests;
			productReference = 7F2269CB1E5B274000C825C2 /* faceRecognizeUITests.xctest */;
			productType = "com.apple.product-type.bundle.ui-testing";
		};
/* End PBXNativeTarget section */

/* Begin PBXProject section */
		7F22699C1E5B274000C825C2 /* Project object */ = {
			isa = PBXProject;
			attributes = {
				LastUpgradeCheck = 0730;
				ORGANIZATIONNAME = "黄博闻";
				TargetAttributes = {
					7F2269A31E5B274000C825C2 = {
						CreatedOnToolsVersion = 7.3.1;
					};
					7F2269BF1E5B274000C825C2 = {
						CreatedOnToolsVersion = 7.3.1;
						TestTargetID = 7F2269A31E5B274000C825C2;
					};
					7F2269CA1E5B274000C825C2 = {
						CreatedOnToolsVersion = 7.3.1;
						TestTargetID = 7F2269A31E5B274000C825C2;
					};
				};
			};
			buildConfigurationList = 7F22699F1E5B274000C825C2 /* Build configuration list for PBXProject "faceRecognize" */;
			compatibilityVersion = "Xcode 3.2";
			developmentRegion = English;
			hasScannedForEncodings = 0;
			knownRegions = (
				en,
				Base,
			);
			mainGroup = 7F22699B1E5B274000C825C2;
			productRefGroup = 7F2269A51E5B274000C825C2 /* Products */;
			projectDirPath = "";
			projectRoot = "";
			targets = (
				7F2269A31E5B274000C825C2 /* faceRecognize */,
				7F2269BF1E5B274000C825C2 /* faceRecognizeTests */,
				7F2269CA1E5B274000C825C2 /* faceRecognizeUITests */,
			);
		};
/* End PBXProject section */

/* Begin PBXResourcesBuildPhase section */
		7F2269A21E5B274000C825C2 /* Resources */ = {
			isa = PBXResourcesBuildPhase;
			buildActionMask = 2147483647;
			files = (
				7F2269BA1E5B274000C825C2 /* LaunchScreen.storyboard in Resources */,
				7F2269B71E5B274000C825C2 /* Assets.xcassets in Resources */,
				7F2269B21E5B274000C825C2 /* Main.storyboard in Resources */,
			);
			runOnlyForDeploymentPostprocessing = 0;
		};
		7F2269BE1E5B274000C825C2 /* Resources */ = {
			isa = PBXResourcesBuildPhase;
			buildActionMask = 2147483647;
			files = (
			);
			runOnlyForDeploymentPostprocessing = 0;
		};
		7F2269C91E5B274000C825C2 /* Resources */ = {
			isa = PBXResourcesBuildPhase;
			buildActionMask = 2147483647;
			files = (
			);
			runOnlyForDeploymentPostprocessing = 0;
		};
/* End PBXResourcesBuildPhase section */

/* Begin PBXSourcesBuildPhase section */
		7F2269A01E5B274000C825C2 /* Sources */ = {
			isa = PBXSourcesBuildPhase;
			buildActionMask = 2147483647;
			files = (
				7F2269AF1E5B274000C825C2 /* ViewController.m in Sources */,
				7F2269AC1E5B274000C825C2 /* AppDelegate.m in Sources */,
				7F2269A91E5B274000C825C2 /* main.m in Sources */,
				7F2269B51E5B274000C825C2 /* faceRecognize.xcdatamodeld in Sources */,
			);
			runOnlyForDeploymentPostprocessing = 0;
		};
		7F2269BC1E5B274000C825C2 /* Sources */ = {
			isa = PBXSourcesBuildPhase;
			buildActionMask = 2147483647;
			files = (
				7F2269C51E5B274000C825C2 /* faceRecognizeTests.m in Sources */,
			);
			runOnlyForDeploymentPostprocessing = 0;
		};
		7F2269C71E5B274000C825C2 /* Sources */ = {
			isa = PBXSourcesBuildPhase;
			buildActionMask = 2147483647;
			files = (
				7F2269D01E5B274000C825C2 /* faceRecognizeUITests.m in Sources */,
			);
			runOnlyForDeploymentPostprocessing = 0;
		};
/* End PBXSourcesBuildPhase section */

/* Begin PBXTargetDependency section */
		7F2269C21E5B274000C825C2 /* PBXTargetDependency */ = {
			isa = PBXTargetDependency;
			target = 7F2269A31E5B274000C825C2 /* faceRecognize */;
			targetProxy = 7F2269C11E5B274000C825C2 /* PBXContainerItemProxy */;
		};
		7F2269CD1E5B274000C825C2 /* PBXTargetDependency */ = {
			isa = PBXTargetDependency;
			target = 7F2269A31E5B274000C825C2 /* faceRecognize */;
			targetProxy = 7F2269CC1E5B274000C825C2 /* PBXContainerItemProxy */;
		};
/* End PBXTargetDependency section */

/* Begin PBXVariantGroup section */
		7F2269B01E5B274000C825C2 /* Main.storyboard */ = {
			isa = PBXVariantGroup;
			children = (
				7F2269B11E5B274000C825C2 /* Base */,
			);
			name = Main.storyboard;
			sourceTree = "<group>";
		};
		7F2269B81E5B274000C825C2 /* LaunchScreen.storyboard */ = {
			isa = PBXVariantGroup;
			children = (
				7F2269B91E5B274000C825C2 /* Base */,
			);
			name = LaunchScreen.storyboard;
			sourceTree = "<group>";
		};
/* End PBXVariantGroup section */

/* Begin XCBuildConfiguration section */
		7F2269D21E5B274000C825C2 /* Debug */ = {
			isa = XCBuildConfiguration;
			buildSettings = {
				ALWAYS_SEARCH_USER_PATHS = NO;
				CLANG_ANALYZER_NONNULL = YES;
				CLANG_CXX_LANGUAGE_STANDARD = "gnu++0x";
				CLANG_CXX_LIBRARY = "libc++";
				CLANG_ENABLE_MODULES = YES;
				CLANG_ENABLE_OBJC_ARC = YES;
				CLANG_WARN_BOOL_CONVERSION = YES;
				CLANG_WARN_CONSTANT_CONVERSION = YES;
				CLANG_WARN_DIRECT_OBJC_ISA_USAGE = YES_ERROR;
				CLANG_WARN_EMPTY_BODY = YES;
				CLANG_WARN_ENUM_CONVERSION = YES;
				CLANG_WARN_INT_CONVERSION = YES;
				CLANG_WARN_OBJC_ROOT_CLASS = YES_ERROR;
				CLANG_WARN_UNREACHABLE_CODE = YES;
				CLANG_WARN__DUPLICATE_METHOD_MATCH = YES;
				"CODE_SIGN_IDENTITY[sdk=iphoneos*]" = "iPhone Developer";
				COPY_PHASE_STRIP = NO;
				DEBUG_INFORMATION_FORMAT = dwarf;
				ENABLE_STRICT_OBJC_MSGSEND = YES;
				ENABLE_TESTABILITY = YES;
				GCC_C_LANGUAGE_STANDARD = gnu99;
				GCC_DYNAMIC_NO_PIC = NO;
				GCC_NO_COMMON_BLOCKS = YES;
				GCC_OPTIMIZATION_LEVEL = 0;
				GCC_PREPROCESSOR_DEFINITIONS = (
					"DEBUG=1",
					"$(inherited)",
				);
				GCC_WARN_64_TO_32_BIT_CONVERSION = YES;
				GCC_WARN_ABOUT_RETURN_TYPE = YES_ERROR;
				GCC_WARN_UNDECLARED_SELECTOR = YES;
				GCC_WARN_UNINITIALIZED_AUTOS = YES_AGGRESSIVE;
				GCC_WARN_UNUSED_FUNCTION = YES;
				GCC_WARN_UNUSED_VARIABLE = YES;
				IPHONEOS_DEPLOYMENT_TARGET = 9.3;
				MTL_ENABLE_DEBUG_INFO = YES;
				ONLY_ACTIVE_ARCH = YES;
				SDKROOT = iphoneos;
				TARGETED_DEVICE_FAMILY = "1,2";
			};
			name = Debug;
		};
		7F2269D31E5B274000C825C2 /* Release */ = {
			isa = XCBuildConfiguration;
			buildSettings = {
				ALWAYS_SEARCH_USER_PATHS = NO;
				CLANG_ANALYZER_NONNULL = YES;
				CLANG_CXX_LANGUAGE_STANDARD = "gnu++0x";
				CLANG_CXX_LIBRARY = "libc++";
				CLANG_ENABLE_MODULES = YES;
				CLANG_ENABLE_OBJC_ARC = YES;
				CLANG_WARN_BOOL_CONVERSION = YES;
				CLANG_WARN_CONSTANT_CONVERSION = YES;
				CLANG_WARN_DIRECT_OBJC_ISA_USAGE = YES_ERROR;
				CLANG_WARN_EMPTY_BODY = YES;
				CLANG_WARN_ENUM_CONVERSION = YES;
				CLANG_WARN_INT_CONVERSION = YES;
				CLANG_WARN_OBJC_ROOT_CLASS = YES_ERROR;
				CLANG_WARN_UNREACHABLE_CODE = YES;
				CLANG_WARN__DUPLICATE_METHOD_MATCH = YES;
				"CODE_SIGN_IDENTITY[sdk=iphoneos*]" = "iPhone Developer";
				COPY_PHASE_STRIP = NO;
				DEBUG_INFORMATION_FORMAT = "dwarf-with-dsym";
				ENABLE_NS_ASSERTIONS = NO;
				ENABLE_STRICT_OBJC_MSGSEND = YES;
				GCC_C_LANGUAGE_STANDARD = gnu99;
				GCC_NO_COMMON_BLOCKS = YES;
				GCC_WARN_64_TO_32_BIT_CONVERSION = YES;
				GCC_WARN_ABOUT_RETURN_TYPE = YES_ERROR;
				GCC_WARN_UNDECLARED_SELECTOR = YES;
				GCC_WARN_UNINITIALIZED_AUTOS = YES_AGGRESSIVE;
				GCC_WARN_UNUSED_FUNCTION = YES;
				GCC_WARN_UNUSED_VARIABLE = YES;
				IPHONEOS_DEPLOYMENT_TARGET = 9.3;
				MTL_ENABLE_DEBUG_INFO = NO;
				SDKROOT = iphoneos;
				TARGETED_DEVICE_FAMILY = "1,2";
				VALIDATE_PRODUCT = YES;
			};
			name = Release;
		};
		7F2269D51E5B274000C825C2 /* Debug */ = {
			isa = XCBuildConfiguration;
			buildSettings = {
				ASSETCATALOG_COMPILER_APPICON_NAME = AppIcon;
				INFOPLIST_FILE = faceRecognize/Info.plist;
				LD_RUNPATH_SEARCH_PATHS = "$(inherited) @executable_path/Frameworks";
				PRODUCT_BUNDLE_IDENTIFIER = com.hbw.faceRecognize;
				PRODUCT_NAME = "$(TARGET_NAME)";
			};
			name = Debug;
		};
		7F2269D61E5B274000C825C2 /* Release */ = {
			isa = XCBuildConfiguration;
			buildSettings = {
				ASSETCATALOG_COMPILER_APPICON_NAME = AppIcon;
				INFOPLIST_FILE = faceRecognize/Info.plist;
				LD_RUNPATH_SEARCH_PATHS = "$(inherited) @executable_path/Frameworks";
				PRODUCT_BUNDLE_IDENTIFIER = com.hbw.faceRecognize;
				PRODUCT_NAME = "$(TARGET_NAME)";
			};
			name = Release;
		};
		7F2269D81E5B274000C825C2 /* Debug */ = {
			isa = XCBuildConfiguration;
			buildSettings = {
				BUNDLE_LOADER = "$(TEST_HOST)";
				INFOPLIST_FILE = faceRecognizeTests/Info.plist;
				LD_RUNPATH_SEARCH_PATHS = "$(inherited) @executable_path/Frameworks @loader_path/Frameworks";
				PRODUCT_BUNDLE_IDENTIFIER = com.hbw.faceRecognizeTests;
				PRODUCT_NAME = "$(TARGET_NAME)";
				TEST_HOST = "$(BUILT_PRODUCTS_DIR)/faceRecognize.app/faceRecognize";
			};
			name = Debug;
		};
		7F2269D91E5B274000C825C2 /* Release */ = {
			isa = XCBuildConfiguration;
			buildSettings = {
				BUNDLE_LOADER = "$(TEST_HOST)";
				INFOPLIST_FILE = faceRecognizeTests/Info.plist;
				LD_RUNPATH_SEARCH_PATHS = "$(inherited) @executable_path/Frameworks @loader_path/Frameworks";
				PRODUCT_BUNDLE_IDENTIFIER = com.hbw.faceRecognizeTests;
				PRODUCT_NAME = "$(TARGET_NAME)";
				TEST_HOST = "$(BUILT_PRODUCTS_DIR)/faceRecognize.app/faceRecognize";
			};
			name = Release;
		};
		7F2269DB1E5B274000C825C2 /* Debug */ = {
			isa = XCBuildConfiguration;
			buildSettings = {
				INFOPLIST_FILE = faceRecognizeUITests/Info.plist;
				LD_RUNPATH_SEARCH_PATHS = "$(inherited) @executable_path/Frameworks @loader_path/Frameworks";
				PRODUCT_BUNDLE_IDENTIFIER = com.hbw.faceRecognizeUITests;
				PRODUCT_NAME = "$(TARGET_NAME)";
				TEST_TARGET_NAME = faceRecognize;
			};
			name = Debug;
		};
		7F2269DC1E5B274000C825C2 /* Release */ = {
			isa = XCBuildConfiguration;
			buildSettings = {
				INFOPLIST_FILE = faceRecognizeUITests/Info.plist;
				LD_RUNPATH_SEARCH_PATHS = "$(inherited) @executable_path/Frameworks @loader_path/Frameworks";
				PRODUCT_BUNDLE_IDENTIFIER = com.hbw.faceRecognizeUITests;
				PRODUCT_NAME = "$(TARGET_NAME)";
				TEST_TARGET_NAME = faceRecognize;
			};
			name = Release;
		};
/* End XCBuildConfiguration section */

/* Begin XCConfigurationList section */
		7F22699F1E5B274000C825C2 /* Build configuration list for PBXProject "faceRecognize" */ = {
			isa = XCConfigurationList;
			buildConfigurations = (
				7F2269D21E5B274000C825C2 /* Debug */,
				7F2269D31E5B274000C825C2 /* Release */,
			);
			defaultConfigurationIsVisible = 0;
			defaultConfigurationName = Release;
		};
		7F2269D41E5B274000C825C2 /* Build configuration list for PBXNativeTarget "faceRecognize" */ = {
			isa = XCConfigurationList;
			buildConfigurations = (
				7F2269D51E5B274000C825C2 /* Debug */,
				7F2269D61E5B274000C825C2 /* Release */,
			);
			defaultConfigurationIsVisible = 0;
		};
		7F2269D71E5B274000C825C2 /* Build configuration list for PBXNativeTarget "faceRecognizeTests" */ = {
			isa = XCConfigurationList;
			buildConfigurations = (
				7F2269D81E5B274000C825C2 /* Debug */,
				7F2269D91E5B274000C825C2 /* Release */,
			);
			defaultConfigurationIsVisible = 0;
		};
		7F2269DA1E5B274000C825C2 /* Build configuration list for PBXNativeTarget "faceRecognizeUITests" */ = {
			isa = XCConfigurationList;
			buildConfigurations = (
				7F2269DB1E5B274000C825C2 /* Debug */,
				7F2269DC1E5B274000C825C2 /* Release */,
			);
			defaultConfigurationIsVisible = 0;
		};
/* End XCConfigurationList section */

/* Begin XCVersionGroup section */
		7F2269B31E5B274000C825C2 /* faceRecognize.xcdatamodeld */ = {
			isa = XCVersionGroup;
			children = (
				7F2269B41E5B274000C825C2 /* faceRecognize.xcdatamodel */,
			);
			currentVersion = 7F2269B41E5B274000C825C2 /* faceRecognize.xcdatamodel */;
			path = faceRecognize.xcdatamodeld;
			sourceTree = "<group>";
			versionGroupType = wrapper.xcdatamodel;
		};
/* End XCVersionGroup section */
	};
	rootObject = 7F22699C1E5B274000C825C2 /* Project object */;
}
